
Microsoft Visual Studio Solution File, Format Version 12.00
# Visual Studio Version 17
VisualStudioVersion = 17.0.31903.59
MinimumVisualStudioVersion = 10.0.40219.1
Project("{FAE04EC0-301F-11D3-BF4B-00C04F79EFBC}") = "NinjaOne.MockAPI", "NinjaOne.MockAPI\NinjaOne.MockAPI.csproj", "{1953E84E-C14C-49D1-B69A-E9DF8D45F789}"
EndProject
Project("{FAE04EC0-301F-11D3-BF4B-00C04F79EFBC}") = "Dashboard.API", "Dashboard.API\Dashboard.API.csproj", "{58533442-B582-475E-BEAD-4E2501ED7BA8}"
EndProject
Global
	GlobalSection(SolutionConfigurationPlatforms) = preSolution
		Debug|Any CPU = Debug|Any CPU
		Release|Any CPU = Release|Any CPU
	EndGlobalSection
	GlobalSection(SolutionProperties) = preSolution
		HideSolutionNode = FALSE
	EndGlobalSection
	GlobalSection(ProjectConfigurationPlatforms) = postSolution
		{1953E84E-C14C-49D1-B69A-E9DF8D45F789}.Debug|Any CPU.ActiveCfg = Debug|Any CPU
		{1953E84E-C14C-49D1-B69A-E9DF8D45F789}.Debug|Any CPU.Build.0 = Debug|Any CPU
		{1953E84E-C14C-49D1-B69A-E9DF8D45F789}.Release|Any CPU.ActiveCfg = Release|Any CPU
		{1953E84E-C14C-49D1-B69A-E9DF8D45F789}.Release|Any CPU.Build.0 = Release|Any CPU
		{58533442-B582-475E-BEAD-4E2501ED7BA8}.Debug|Any CPU.ActiveCfg = Debug|Any CPU
		{58533442-B582-475E-BEAD-4E2501ED7BA8}.Debug|Any CPU.Build.0 = Debug|Any CPU
		{58533442-B582-475E-BEAD-4E2501ED7BA8}.Release|Any CPU.ActiveCfg = Release|Any CPU
		{58533442-B582-475E-BEAD-4E2501ED7BA8}.Release|Any CPU.Build.0 = Release|Any CPU
	EndGlobalSection
EndGlobal
